
Microsoft Visual Studio Solution File, Format Version 12.00
# Visual Studio Version 17
VisualStudioVersion = 17.7.34202.233
MinimumVisualStudioVersion = 10.0.40219.1
Project("{FAE04EC0-301F-11D3-BF4B-00C04F79EFBC}") = "day28SimpleExample", "day28SimpleExample\day28SimpleExample.csproj", "{8C2820D0-B9B9-4968-AC00-61C350FDE75A}"
EndProject
Global
	GlobalSection(SolutionConfigurationPlatforms) = preSolution
		Debug|Any CPU = Debug|Any CPU
		Release|Any CPU = Release|Any CPU
	EndGlobalSection
	GlobalSection(ProjectConfigurationPlatforms) = postSolution
		{8C2820D0-B9B9-4968-AC00-61C350FDE75A}.Debug|Any CPU.ActiveCfg = Debug|Any CPU
		{8C2820D0-B9B9-4968-AC00-61C350FDE75A}.Debug|Any CPU.Build.0 = Debug|Any CPU
		{8C2820D0-B9B9-4968-AC00-61C350FDE75A}.Release|Any CPU.ActiveCfg = Release|Any CPU
		{8C2820D0-B9B9-4968-AC00-61C350FDE75A}.Release|Any CPU.Build.0 = Release|Any CPU
	EndGlobalSection
	GlobalSection(SolutionProperties) = preSolution
		HideSolutionNode = FALSE
	EndGlobalSection
	GlobalSection(ExtensibilityGlobals) = postSolution
		SolutionGuid = {B7D6A678-D4EC-4C11-97F6-F9B9E9B991C5}
	EndGlobalSection
EndGlobal
